
Microsoft Visual Studio Solution File, Format Version 12.00
# Visual Studio 15
Project("{FAE04EC0-301F-11D3-BF4B-00C04F79EFBC}") = "Real Time Chess", "Assembly-CSharp.csproj", "{6309AD05-91C1-0DFA-1245-B37BD95E6F33}"
EndProject
Project("{FAE04EC0-301F-11D3-BF4B-00C04F79EFBC}") = "Real Time Chess", "Unity.InputSystem.csproj", "{72528C27-05E7-B2DF-294F-19779C08AD55}"
EndProject
Project("{FAE04EC0-301F-11D3-BF4B-00C04F79EFBC}") = "Real Time Chess", "Unity.InputSystem.Tests.csproj", "{A85DDAE0-AD6C-92B7-F32F-CF8ED39C994B}"
EndProject
Project("{FAE04EC0-301F-11D3-BF4B-00C04F79EFBC}") = "Real Time Chess", "Assembly-CSharp-Editor.csproj", "{E748D772-2F2A-9392-D726-75F6D2DE7119}"
EndProject
Global
	GlobalSection(SolutionConfigurationPlatforms) = preSolution
		Debug|Any CPU = Debug|Any CPU
		Release|Any CPU = Release|Any CPU
	EndGlobalSection
	GlobalSection(ProjectConfigurationPlatforms) = postSolution
		{6309AD05-91C1-0DFA-1245-B37BD95E6F33}.Debug|Any CPU.ActiveCfg = Debug|Any CPU
		{6309AD05-91C1-0DFA-1245-B37BD95E6F33}.Debug|Any CPU.Build.0 = Debug|Any CPU
		{6309AD05-91C1-0DFA-1245-B37BD95E6F33}.Release|Any CPU.ActiveCfg = Release|Any CPU
		{6309AD05-91C1-0DFA-1245-B37BD95E6F33}.Release|Any CPU.Build.0 = Release|Any CPU
		{72528C27-05E7-B2DF-294F-19779C08AD55}.Debug|Any CPU.ActiveCfg = Debug|Any CPU
		{72528C27-05E7-B2DF-294F-19779C08AD55}.Debug|Any CPU.Build.0 = Debug|Any CPU
		{72528C27-05E7-B2DF-294F-19779C08AD55}.Release|Any CPU.ActiveCfg = Release|Any CPU
		{72528C27-05E7-B2DF-294F-19779C08AD55}.Release|Any CPU.Build.0 = Release|Any CPU
		{A85DDAE0-AD6C-92B7-F32F-CF8ED39C994B}.Debug|Any CPU.ActiveCfg = Debug|Any CPU
		{A85DDAE0-AD6C-92B7-F32F-CF8ED39C994B}.Debug|Any CPU.Build.0 = Debug|Any CPU
		{A85DDAE0-AD6C-92B7-F32F-CF8ED39C994B}.Release|Any CPU.ActiveCfg = Release|Any CPU
		{A85DDAE0-AD6C-92B7-F32F-CF8ED39C994B}.Release|Any CPU.Build.0 = Release|Any CPU
		{E748D772-2F2A-9392-D726-75F6D2DE7119}.Debug|Any CPU.ActiveCfg = Debug|Any CPU
		{E748D772-2F2A-9392-D726-75F6D2DE7119}.Debug|Any CPU.Build.0 = Debug|Any CPU
		{E748D772-2F2A-9392-D726-75F6D2DE7119}.Release|Any CPU.ActiveCfg = Release|Any CPU
		{E748D772-2F2A-9392-D726-75F6D2DE7119}.Release|Any CPU.Build.0 = Release|Any CPU
	EndGlobalSection
	GlobalSection(SolutionProperties) = preSolution
		HideSolutionNode = FALSE
	EndGlobalSection
EndGlobal
